// !$*UTF8*$!
{
	archiveVersion = 1;
	classes = {
	};
	objectVersion = 46;
	objects = {
/* Begin PBXBuildFile section */
		00C302E51ABCBA2D00DB3ED1 /* libRCTActionSheet.a in Frameworks */ = {isa = PBXBuildFile; fileRef = 00C302AC1ABCB8CE00DB3ED1 /* libRCTActionSheet.a */; };
		00C302E71ABCBA2D00DB3ED1 /* libRCTGeolocation.a in Frameworks */ = {isa = PBXBuildFile; fileRef = 00C302BA1ABCB90400DB3ED1 /* libRCTGeolocation.a */; };
		00C302E81ABCBA2D00DB3ED1 /* libRCTImage.a in Frameworks */ = {isa = PBXBuildFile; fileRef = 00C302C01ABCB91800DB3ED1 /* libRCTImage.a */; };
		00C302E91ABCBA2D00DB3ED1 /* libRCTNetwork.a in Frameworks */ = {isa = PBXBuildFile; fileRef = 00C302DC1ABCB9D200DB3ED1 /* libRCTNetwork.a */; };
		00C302EA1ABCBA2D00DB3ED1 /* libRCTVibration.a in Frameworks */ = {isa = PBXBuildFile; fileRef = 00C302E41ABCB9EE00DB3ED1 /* libRCTVibration.a */; };
		00E356F31AD99517003FC87E /* NextMatchTests.m in Sources */ = {isa = PBXBuildFile; fileRef = 00E356F21AD99517003FC87E /* NextMatchTests.m */; };
		03F1E27C8C244D91BEA1F474 /* Comic Sans MS.ttf in Resources */ = {isa = PBXBuildFile; fileRef = 6430F12D79B441F39E4B959C /* Comic Sans MS.ttf */; };
		0DA2964A483B4E0582910D14 /* Arial.ttf in Resources */ = {isa = PBXBuildFile; fileRef = 098A5CDCA894448086C29D62 /* Arial.ttf */; };
		133E29F31AD74F7200F7D852 /* libRCTLinking.a in Frameworks */ = {isa = PBXBuildFile; fileRef = 78C398B91ACF4ADC00677621 /* libRCTLinking.a */; };
		139105C61AF99C1200B5F7CC /* libRCTSettings.a in Frameworks */ = {isa = PBXBuildFile; fileRef = 139105C11AF99BAD00B5F7CC /* libRCTSettings.a */; };
		139FDEF61B0652A700C62182 /* libRCTWebSocket.a in Frameworks */ = {isa = PBXBuildFile; fileRef = 139FDEF41B06529B00C62182 /* libRCTWebSocket.a */; };
		13B07FBC1A68108700A75B9A /* AppDelegate.m in Sources */ = {isa = PBXBuildFile; fileRef = 13B07FB01A68108700A75B9A /* AppDelegate.m */; };
		13B07FBD1A68108700A75B9A /* LaunchScreen.xib in Resources */ = {isa = PBXBuildFile; fileRef = 13B07FB11A68108700A75B9A /* LaunchScreen.xib */; };
		13B07FBF1A68108700A75B9A /* Images.xcassets in Resources */ = {isa = PBXBuildFile; fileRef = 13B07FB51A68108700A75B9A /* Images.xcassets */; };
		13B07FC11A68108700A75B9A /* main.m in Sources */ = {isa = PBXBuildFile; fileRef = 13B07FB71A68108700A75B9A /* main.m */; };
		140ED2AC1D01E1AD002B40FF /* libReact.a in Frameworks */ = {isa = PBXBuildFile; fileRef = 146834041AC3E56700842450 /* libReact.a */; };
		146834051AC3E58100842450 /* libReact.a in Frameworks */ = {isa = PBXBuildFile; fileRef = 146834041AC3E56700842450 /* libReact.a */; };
		17E0C727615548CE9C0DD9FA /* Entypo.ttf in Resources */ = {isa = PBXBuildFile; fileRef = 42FAC83B01924F128CA3A1B9 /* Entypo.ttf */; };
		31DC00A970034096BF5B7524 /* EvilIcons.ttf in Resources */ = {isa = PBXBuildFile; fileRef = 75A05BFEA1334D9D8A8C1BE7 /* EvilIcons.ttf */; };
		335BD9007BAC4B46AFF1CECB /* Zocial.ttf in Resources */ = {isa = PBXBuildFile; fileRef = 5828B8D7DD964F4A89A24E20 /* Zocial.ttf */; };
		3D7FAC2AC7A143359BA4973E /* Roboto.ttf in Resources */ = {isa = PBXBuildFile; fileRef = 4556E588BD06449FB57BC554 /* Roboto.ttf */; };
		4D9684B7064B465DBFD2FBDF /* Microsoft Sans Serif.ttf in Resources */ = {isa = PBXBuildFile; fileRef = 5DEDF701BB2345BF95A79CE4 /* Microsoft Sans Serif.ttf */; };
		553123840F88426BA4CA6F81 /* Octicons.ttf in Resources */ = {isa = PBXBuildFile; fileRef = 64F991E6F0984E87ACC9DF96 /* Octicons.ttf */; };
		622E0FDC08204A30B5C0B487 /* Times New Roman.ttf in Resources */ = {isa = PBXBuildFile; fileRef = FE4FD89DA6EA4008B0EEE8D6 /* Times New Roman.ttf */; };
		702F1DD34E2F4FCBA26EA294 /* libRNVectorIcons.a in Frameworks */ = {isa = PBXBuildFile; fileRef = 405C6E9DA8EB4232B3E2B85B /* libRNVectorIcons.a */; };
		73A8EF9AA86C4D2D933D9BA3 /* libc++.tbd in Frameworks */ = {isa = PBXBuildFile; fileRef = 7D5BEB1B4C984E24A4A3C2A4 /* libc++.tbd */; };
		78FF373E7109426F800534B3 /* MaterialIcons.ttf in Resources */ = {isa = PBXBuildFile; fileRef = 2362AC20033D41229EACE3C5 /* MaterialIcons.ttf */; };
		7A064BD189C941DB98CE9DB2 /* Skia.ttf in Resources */ = {isa = PBXBuildFile; fileRef = 973A9EA111AB40889EA33DE8 /* Skia.ttf */; };
		832341BD1AAA6AB300B99B32 /* libRCTText.a in Frameworks */ = {isa = PBXBuildFile; fileRef = 832341B51AAA6A8300B99B32 /* libRCTText.a */; };
		862D4613EF5748A48F1E4716 /* libz.tbd in Frameworks */ = {isa = PBXBuildFile; fileRef = 13C42B6166214E3F94A3A16C /* libz.tbd */; };
		8EEE567890204B11BAE4CBB5 /* Andale Mono.ttf in Resources */ = {isa = PBXBuildFile; fileRef = FB33EDE7B74347D48FABC4BE /* Andale Mono.ttf */; };
		95D02F26614046B5BF29FFB7 /* Georgia.ttf in Resources */ = {isa = PBXBuildFile; fileRef = 96779DE5A96F47DB8168A347 /* Georgia.ttf */; };
		A1528D0247604A92934CC41A /* libRealmReact.a in Frameworks */ = {isa = PBXBuildFile; fileRef = 15086A721E70487AB501DFF5 /* libRealmReact.a */; };
		B361259C6227471CAE9BE56F /* FontAwesome.ttf in Resources */ = {isa = PBXBuildFile; fileRef = 40D8EAC68F8243B79EFB0A04 /* FontAwesome.ttf */; };
		B9C16A87D28C49C59C42E465 /* SF-UI-Text-Regular.otf in Resources */ = {isa = PBXBuildFile; fileRef = F76C9056C46040BA966E708B /* SF-UI-Text-Regular.otf */; };
		CB3EA2261D54C41A006C46A1 /* YTPlayerView.m in Sources */ = {isa = PBXBuildFile; fileRef = CB3EA2251D54C41A006C46A1 /* YTPlayerView.m */; };
		CB3EA22C1D54C496006C46A1 /* YTPlayerView-iframe-player.html in Resources */ = {isa = PBXBuildFile; fileRef = CB3EA22B1D54C496006C46A1 /* YTPlayerView-iframe-player.html */; };
		CB3EA23F1D54C761006C46A1 /* libyoutube-ios-player-helper.a in Frameworks */ = {isa = PBXBuildFile; fileRef = CB3EA23E1D54C761006C46A1 /* libyoutube-ios-player-helper.a */; };
		CB4133F31D54B0AB006B674C /* YTPlayerView-iframe-player.html in Resources */ = {isa = PBXBuildFile; fileRef = CB4133F21D54B0AB006B674C /* YTPlayerView-iframe-player.html */; };
		CB4133F41D54B0AB006B674C /* YTPlayerView-iframe-player.html in Resources */ = {isa = PBXBuildFile; fileRef = CB4133F21D54B0AB006B674C /* YTPlayerView-iframe-player.html */; };
		CB4512D31D49ECE700FA226A /* libART.a in Frameworks */ = {isa = PBXBuildFile; fileRef = CB4512AD1D49E92100FA226A /* libART.a */; };
		CB4512EE1D49EDB400FA226A /* libART.a in Frameworks */ = {isa = PBXBuildFile; fileRef = CB4512AD1D49E92100FA226A /* libART.a */; };
		CBA8347A067A417F8474A0B2 /* Arial Black.ttf in Resources */ = {isa = PBXBuildFile; fileRef = A833F0ABA3DE4FA0B234F696 /* Arial Black.ttf */; };
		CBADB0F51D54BEDA003A4577 /* libRCTYouTube.a in Frameworks */ = {isa = PBXBuildFile; fileRef = CB4134291D54B6C5006B674C /* libRCTYouTube.a */; };
		CBB82C111D4C4A2F00BF1A09 /* Fonts in Resources */ = {isa = PBXBuildFile; fileRef = CBB82C101D4C4A2F00BF1A09 /* Fonts */; };
		CBDCE52D23BE499992715F67 /* libRCTYouTube.a in Frameworks */ = {isa = PBXBuildFile; fileRef = 982A29ED74294B77AA3B6C0B /* libRCTYouTube.a */; };
		CC871CD4CEEC4E27A22E7733 /* Foundation.ttf in Resources */ = {isa = PBXBuildFile; fileRef = 44038656D485476D985ADD76 /* Foundation.ttf */; };
		CF66F235FC64429B8A106DF1 /* Ionicons.ttf in Resources */ = {isa = PBXBuildFile; fileRef = 1C8BADABFA4343AB9A0E71D5 /* Ionicons.ttf */; };
		EA9DF594D2FD43A8A7B686A5 /* libCodePush.a in Frameworks */ = {isa = PBXBuildFile; fileRef = B25672626FC343CEA055E8FE /* libCodePush.a */; };
		F5B0BADB5FA642F6BD6373DC /* Courier New.ttf in Resources */ = {isa = PBXBuildFile; fileRef = A7D9D404C9F04A28BBA3201F /* Courier New.ttf */; };
		FBC01B9878144D4683C05611 /* Roboto_medium.ttf in Resources */ = {isa = PBXBuildFile; fileRef = 64DE19BEF2B94EA7AB509E01 /* Roboto_medium.ttf */; };
		7FC4E36171AC487CA5A2CE63 /* libRCTVideo.a in Frameworks */ = {isa = PBXBuildFile; fileRef = CAD07CA0BD444171BBF923AD /* libRCTVideo.a */; };
/* End PBXBuildFile section */

/* Begin PBXContainerItemProxy section */
		00C302AB1ABCB8CE00DB3ED1 /* PBXContainerItemProxy */ = {
			isa = PBXContainerItemProxy;
			containerPortal = 00C302A71ABCB8CE00DB3ED1 /* RCTActionSheet.xcodeproj */;
			proxyType = 2;
			remoteGlobalIDString = 134814201AA4EA6300B7C361;
			remoteInfo = RCTActionSheet;
		};
		00C302B91ABCB90400DB3ED1 /* PBXContainerItemProxy */ = {
			isa = PBXContainerItemProxy;
			containerPortal = 00C302B51ABCB90400DB3ED1 /* RCTGeolocation.xcodeproj */;
			proxyType = 2;
			remoteGlobalIDString = 134814201AA4EA6300B7C361;
			remoteInfo = RCTGeolocation;
		};
		00C302BF1ABCB91800DB3ED1 /* PBXContainerItemProxy */ = {
			isa = PBXContainerItemProxy;
			containerPortal = 00C302BB1ABCB91800DB3ED1 /* RCTImage.xcodeproj */;
			proxyType = 2;
			remoteGlobalIDString = 58B5115D1A9E6B3D00147676;
			remoteInfo = RCTImage;
		};
		00C302DB1ABCB9D200DB3ED1 /* PBXContainerItemProxy */ = {
			isa = PBXContainerItemProxy;
			containerPortal = 00C302D31ABCB9D200DB3ED1 /* RCTNetwork.xcodeproj */;
			proxyType = 2;
			remoteGlobalIDString = 58B511DB1A9E6C8500147676;
			remoteInfo = RCTNetwork;
		};
		00C302E31ABCB9EE00DB3ED1 /* PBXContainerItemProxy */ = {
			isa = PBXContainerItemProxy;
			containerPortal = 00C302DF1ABCB9EE00DB3ED1 /* RCTVibration.xcodeproj */;
			proxyType = 2;
			remoteGlobalIDString = 832C81801AAF6DEF007FA2F7;
			remoteInfo = RCTVibration;
		};
		00E356F41AD99517003FC87E /* PBXContainerItemProxy */ = {
			isa = PBXContainerItemProxy;
			containerPortal = 83CBB9F71A601CBA00E9B192 /* Project object */;
			proxyType = 1;
			remoteGlobalIDString = 13B07F861A680F5B00A75B9A;
			remoteInfo = NextMatch;
		};
		139105C01AF99BAD00B5F7CC /* PBXContainerItemProxy */ = {
			isa = PBXContainerItemProxy;
			containerPortal = 139105B61AF99BAD00B5F7CC /* RCTSettings.xcodeproj */;
			proxyType = 2;
			remoteGlobalIDString = 134814201AA4EA6300B7C361;
			remoteInfo = RCTSettings;
		};
		139FDEF31B06529B00C62182 /* PBXContainerItemProxy */ = {
			isa = PBXContainerItemProxy;
			containerPortal = 139FDEE61B06529A00C62182 /* RCTWebSocket.xcodeproj */;
			proxyType = 2;
			remoteGlobalIDString = 3C86DF461ADF2C930047B81A;
			remoteInfo = RCTWebSocket;
		};
		146834031AC3E56700842450 /* PBXContainerItemProxy */ = {
			isa = PBXContainerItemProxy;
			containerPortal = 146833FF1AC3E56700842450 /* React.xcodeproj */;
			proxyType = 2;
			remoteGlobalIDString = 83CBBA2E1A601D0E00E9B192;
			remoteInfo = React;
		};
		78C398B81ACF4ADC00677621 /* PBXContainerItemProxy */ = {
			isa = PBXContainerItemProxy;
			containerPortal = 78C398B01ACF4ADC00677621 /* RCTLinking.xcodeproj */;
			proxyType = 2;
			remoteGlobalIDString = 134814201AA4EA6300B7C361;
			remoteInfo = RCTLinking;
		};
		832341B41AAA6A8300B99B32 /* PBXContainerItemProxy */ = {
			isa = PBXContainerItemProxy;
			containerPortal = 832341B01AAA6A8300B99B32 /* RCTText.xcodeproj */;
			proxyType = 2;
			remoteGlobalIDString = 58B5119B1A9E6C1200147676;
			remoteInfo = RCTText;
		};
		CB2A18231D47B81300A9DAA5 /* PBXContainerItemProxy */ = {
			isa = PBXContainerItemProxy;
			containerPortal = B9A2A80099F44C9DB4649090 /* RealmReact.xcodeproj */;
			proxyType = 2;
			remoteGlobalIDString = F60690131CA2766F0003FB26;
			remoteInfo = RealmReact;
		};
		CB4133EB1D54B057006B674C /* PBXContainerItemProxy */ = {
			isa = PBXContainerItemProxy;
			containerPortal = 125EF6093F00448D821D21C9 /* RCTYouTube.xcodeproj */;
			proxyType = 2;
			remoteGlobalIDString = 8BDB9BC91B4289AE00EF9FEF;
			remoteInfo = RCTYouTube;
		};
		CB4133F01D54B057006B674C /* PBXContainerItemProxy */ = {
			isa = PBXContainerItemProxy;
			containerPortal = 628139195F1F4BC78C3DC0B7 /* RNVectorIcons.xcodeproj */;
			proxyType = 2;
			remoteGlobalIDString = 5DBEB1501B18CEA900B34395;
			remoteInfo = RNVectorIcons;
		};
		CB4134281D54B6C5006B674C /* PBXContainerItemProxy */ = {
			isa = PBXContainerItemProxy;
			containerPortal = CB4134241D54B6C5006B674C /* RCTYouTube.xcodeproj */;
			proxyType = 2;
			remoteGlobalIDString = 8BDB9BC91B4289AE00EF9FEF;
			remoteInfo = RCTYouTube;
		};
		CB4512AC1D49E92100FA226A /* PBXContainerItemProxy */ = {
			isa = PBXContainerItemProxy;
			containerPortal = CB4512A81D49E92100FA226A /* ART.xcodeproj */;
			proxyType = 2;
			remoteGlobalIDString = 0CF68AC11AF0540F00FF9E5C;
			remoteInfo = ART;
		};
		CBB82BE61D4C491600BF1A09 /* PBXContainerItemProxy */ = {
			isa = PBXContainerItemProxy;
			containerPortal = B7EF299395C04BABAA5F25B2 /* CodePush.xcodeproj */;
			proxyType = 2;
			remoteGlobalIDString = 134814201AA4EA6300B7C361;
			remoteInfo = CodePush;
		};
/* End PBXContainerItemProxy section */

/* Begin PBXFileReference section */
		008F07F21AC5B25A0029DE68 /* main.jsbundle */ = {isa = PBXFileReference; fileEncoding = 4; lastKnownFileType = text; path = main.jsbundle; sourceTree = "<group>"; };
		00C302A71ABCB8CE00DB3ED1 /* RCTActionSheet.xcodeproj */ = {isa = PBXFileReference; lastKnownFileType = "wrapper.pb-project"; name = RCTActionSheet.xcodeproj; path = "../node_modules/react-native/Libraries/ActionSheetIOS/RCTActionSheet.xcodeproj"; sourceTree = "<group>"; };
		00C302B51ABCB90400DB3ED1 /* RCTGeolocation.xcodeproj */ = {isa = PBXFileReference; lastKnownFileType = "wrapper.pb-project"; name = RCTGeolocation.xcodeproj; path = "../node_modules/react-native/Libraries/Geolocation/RCTGeolocation.xcodeproj"; sourceTree = "<group>"; };
		00C302BB1ABCB91800DB3ED1 /* RCTImage.xcodeproj */ = {isa = PBXFileReference; lastKnownFileType = "wrapper.pb-project"; name = RCTImage.xcodeproj; path = "../node_modules/react-native/Libraries/Image/RCTImage.xcodeproj"; sourceTree = "<group>"; };
		00C302D31ABCB9D200DB3ED1 /* RCTNetwork.xcodeproj */ = {isa = PBXFileReference; lastKnownFileType = "wrapper.pb-project"; name = RCTNetwork.xcodeproj; path = "../node_modules/react-native/Libraries/Network/RCTNetwork.xcodeproj"; sourceTree = "<group>"; };
		00C302DF1ABCB9EE00DB3ED1 /* RCTVibration.xcodeproj */ = {isa = PBXFileReference; lastKnownFileType = "wrapper.pb-project"; name = RCTVibration.xcodeproj; path = "../node_modules/react-native/Libraries/Vibration/RCTVibration.xcodeproj"; sourceTree = "<group>"; };
		00E356EE1AD99517003FC87E /* NextMatchTests.xctest */ = {isa = PBXFileReference; explicitFileType = wrapper.cfbundle; includeInIndex = 0; path = NextMatchTests.xctest; sourceTree = BUILT_PRODUCTS_DIR; };
		00E356F11AD99517003FC87E /* Info.plist */ = {isa = PBXFileReference; lastKnownFileType = text.plist.xml; path = Info.plist; sourceTree = "<group>"; };
		00E356F21AD99517003FC87E /* NextMatchTests.m */ = {isa = PBXFileReference; lastKnownFileType = sourcecode.c.objc; path = NextMatchTests.m; sourceTree = "<group>"; };
		098A5CDCA894448086C29D62 /* Arial.ttf */ = {isa = PBXFileReference; explicitFileType = undefined; fileEncoding = 9; includeInIndex = 0; lastKnownFileType = unknown; name = Arial.ttf; path = "../node_modules/native-base/Fonts/Arial.ttf"; sourceTree = "<group>"; };
		125EF6093F00448D821D21C9 /* RCTYouTube.xcodeproj */ = {isa = PBXFileReference; explicitFileType = undefined; fileEncoding = 9; includeInIndex = 0; lastKnownFileType = "wrapper.pb-project"; name = RCTYouTube.xcodeproj; path = "../node_modules/react-native-youtube/RCTYouTube.xcodeproj"; sourceTree = "<group>"; };
		139105B61AF99BAD00B5F7CC /* RCTSettings.xcodeproj */ = {isa = PBXFileReference; lastKnownFileType = "wrapper.pb-project"; name = RCTSettings.xcodeproj; path = "../node_modules/react-native/Libraries/Settings/RCTSettings.xcodeproj"; sourceTree = "<group>"; };
		139FDEE61B06529A00C62182 /* RCTWebSocket.xcodeproj */ = {isa = PBXFileReference; lastKnownFileType = "wrapper.pb-project"; name = RCTWebSocket.xcodeproj; path = "../node_modules/react-native/Libraries/WebSocket/RCTWebSocket.xcodeproj"; sourceTree = "<group>"; };
		13B07F961A680F5B00A75B9A /* NextMatch.app */ = {isa = PBXFileReference; explicitFileType = wrapper.application; includeInIndex = 0; path = NextMatch.app; sourceTree = BUILT_PRODUCTS_DIR; };
		13B07FAF1A68108700A75B9A /* AppDelegate.h */ = {isa = PBXFileReference; fileEncoding = 4; lastKnownFileType = sourcecode.c.h; name = AppDelegate.h; path = NextMatch/AppDelegate.h; sourceTree = "<group>"; };
		13B07FB01A68108700A75B9A /* AppDelegate.m */ = {isa = PBXFileReference; fileEncoding = 4; lastKnownFileType = sourcecode.c.objc; name = AppDelegate.m; path = NextMatch/AppDelegate.m; sourceTree = "<group>"; };
		13B07FB21A68108700A75B9A /* Base */ = {isa = PBXFileReference; lastKnownFileType = file.xib; name = Base; path = Base.lproj/LaunchScreen.xib; sourceTree = "<group>"; };
		13B07FB51A68108700A75B9A /* Images.xcassets */ = {isa = PBXFileReference; lastKnownFileType = folder.assetcatalog; name = Images.xcassets; path = NextMatch/Images.xcassets; sourceTree = "<group>"; };
		13B07FB61A68108700A75B9A /* Info.plist */ = {isa = PBXFileReference; fileEncoding = 4; lastKnownFileType = text.plist.xml; name = Info.plist; path = NextMatch/Info.plist; sourceTree = "<group>"; };
		13B07FB71A68108700A75B9A /* main.m */ = {isa = PBXFileReference; fileEncoding = 4; lastKnownFileType = sourcecode.c.objc; name = main.m; path = NextMatch/main.m; sourceTree = "<group>"; };
		13C42B6166214E3F94A3A16C /* libz.tbd */ = {isa = PBXFileReference; explicitFileType = undefined; fileEncoding = 9; includeInIndex = 0; lastKnownFileType = "sourcecode.text-based-dylib-definition"; name = libz.tbd; path = usr/lib/libz.tbd; sourceTree = SDKROOT; };
		146833FF1AC3E56700842450 /* React.xcodeproj */ = {isa = PBXFileReference; lastKnownFileType = "wrapper.pb-project"; name = React.xcodeproj; path = "../node_modules/react-native/React/React.xcodeproj"; sourceTree = "<group>"; };
		15086A721E70487AB501DFF5 /* libRealmReact.a */ = {isa = PBXFileReference; explicitFileType = undefined; fileEncoding = 9; includeInIndex = 0; lastKnownFileType = archive.ar; path = libRealmReact.a; sourceTree = "<group>"; };
		1C8BADABFA4343AB9A0E71D5 /* Ionicons.ttf */ = {isa = PBXFileReference; explicitFileType = undefined; fileEncoding = 9; includeInIndex = 0; lastKnownFileType = unknown; name = Ionicons.ttf; path = "../node_modules/react-native-vector-icons/Fonts/Ionicons.ttf"; sourceTree = "<group>"; };
		2362AC20033D41229EACE3C5 /* MaterialIcons.ttf */ = {isa = PBXFileReference; explicitFileType = undefined; fileEncoding = 9; includeInIndex = 0; lastKnownFileType = unknown; name = MaterialIcons.ttf; path = "../node_modules/react-native-vector-icons/Fonts/MaterialIcons.ttf"; sourceTree = "<group>"; };
		405C6E9DA8EB4232B3E2B85B /* libRNVectorIcons.a */ = {isa = PBXFileReference; explicitFileType = undefined; fileEncoding = 9; includeInIndex = 0; lastKnownFileType = archive.ar; path = libRNVectorIcons.a; sourceTree = "<group>"; };
		40D8EAC68F8243B79EFB0A04 /* FontAwesome.ttf */ = {isa = PBXFileReference; explicitFileType = undefined; fileEncoding = 9; includeInIndex = 0; lastKnownFileType = unknown; name = FontAwesome.ttf; path = "../node_modules/react-native-vector-icons/Fonts/FontAwesome.ttf"; sourceTree = "<group>"; };
		42FAC83B01924F128CA3A1B9 /* Entypo.ttf */ = {isa = PBXFileReference; explicitFileType = undefined; fileEncoding = 9; includeInIndex = 0; lastKnownFileType = unknown; name = Entypo.ttf; path = "../node_modules/react-native-vector-icons/Fonts/Entypo.ttf"; sourceTree = "<group>"; };
		44038656D485476D985ADD76 /* Foundation.ttf */ = {isa = PBXFileReference; explicitFileType = undefined; fileEncoding = 9; includeInIndex = 0; lastKnownFileType = unknown; name = Foundation.ttf; path = "../node_modules/react-native-vector-icons/Fonts/Foundation.ttf"; sourceTree = "<group>"; };
		4556E588BD06449FB57BC554 /* Roboto.ttf */ = {isa = PBXFileReference; explicitFileType = undefined; fileEncoding = 9; includeInIndex = 0; lastKnownFileType = unknown; name = Roboto.ttf; path = "../node_modules/native-base/Fonts/Roboto.ttf"; sourceTree = "<group>"; };
		5828B8D7DD964F4A89A24E20 /* Zocial.ttf */ = {isa = PBXFileReference; explicitFileType = undefined; fileEncoding = 9; includeInIndex = 0; lastKnownFileType = unknown; name = Zocial.ttf; path = "../node_modules/react-native-vector-icons/Fonts/Zocial.ttf"; sourceTree = "<group>"; };
		5DEDF701BB2345BF95A79CE4 /* Microsoft Sans Serif.ttf */ = {isa = PBXFileReference; explicitFileType = undefined; fileEncoding = 9; includeInIndex = 0; lastKnownFileType = unknown; name = "Microsoft Sans Serif.ttf"; path = "../node_modules/native-base/Fonts/Microsoft Sans Serif.ttf"; sourceTree = "<group>"; };
		628139195F1F4BC78C3DC0B7 /* RNVectorIcons.xcodeproj */ = {isa = PBXFileReference; explicitFileType = undefined; fileEncoding = 9; includeInIndex = 0; lastKnownFileType = "wrapper.pb-project"; name = RNVectorIcons.xcodeproj; path = "../node_modules/react-native-vector-icons/RNVectorIcons.xcodeproj"; sourceTree = "<group>"; };
		6430F12D79B441F39E4B959C /* Comic Sans MS.ttf */ = {isa = PBXFileReference; explicitFileType = undefined; fileEncoding = 9; includeInIndex = 0; lastKnownFileType = unknown; name = "Comic Sans MS.ttf"; path = "../node_modules/native-base/Fonts/Comic Sans MS.ttf"; sourceTree = "<group>"; };
		64DE19BEF2B94EA7AB509E01 /* Roboto_medium.ttf */ = {isa = PBXFileReference; explicitFileType = undefined; fileEncoding = 9; includeInIndex = 0; lastKnownFileType = unknown; name = Roboto_medium.ttf; path = "../node_modules/native-base/Fonts/Roboto_medium.ttf"; sourceTree = "<group>"; };
		64F991E6F0984E87ACC9DF96 /* Octicons.ttf */ = {isa = PBXFileReference; explicitFileType = undefined; fileEncoding = 9; includeInIndex = 0; lastKnownFileType = unknown; name = Octicons.ttf; path = "../node_modules/react-native-vector-icons/Fonts/Octicons.ttf"; sourceTree = "<group>"; };
		75A05BFEA1334D9D8A8C1BE7 /* EvilIcons.ttf */ = {isa = PBXFileReference; explicitFileType = undefined; fileEncoding = 9; includeInIndex = 0; lastKnownFileType = unknown; name = EvilIcons.ttf; path = "../node_modules/react-native-vector-icons/Fonts/EvilIcons.ttf"; sourceTree = "<group>"; };
		78C398B01ACF4ADC00677621 /* RCTLinking.xcodeproj */ = {isa = PBXFileReference; lastKnownFileType = "wrapper.pb-project"; name = RCTLinking.xcodeproj; path = "../node_modules/react-native/Libraries/LinkingIOS/RCTLinking.xcodeproj"; sourceTree = "<group>"; };
		7D5BEB1B4C984E24A4A3C2A4 /* libc++.tbd */ = {isa = PBXFileReference; explicitFileType = undefined; fileEncoding = 9; includeInIndex = 0; lastKnownFileType = "sourcecode.text-based-dylib-definition"; name = "libc++.tbd"; path = "usr/lib/libc++.tbd"; sourceTree = SDKROOT; };
		832341B01AAA6A8300B99B32 /* RCTText.xcodeproj */ = {isa = PBXFileReference; lastKnownFileType = "wrapper.pb-project"; name = RCTText.xcodeproj; path = "../node_modules/react-native/Libraries/Text/RCTText.xcodeproj"; sourceTree = "<group>"; };
		96779DE5A96F47DB8168A347 /* Georgia.ttf */ = {isa = PBXFileReference; explicitFileType = undefined; fileEncoding = 9; includeInIndex = 0; lastKnownFileType = unknown; name = Georgia.ttf; path = "../node_modules/native-base/Fonts/Georgia.ttf"; sourceTree = "<group>"; };
		973A9EA111AB40889EA33DE8 /* Skia.ttf */ = {isa = PBXFileReference; explicitFileType = undefined; fileEncoding = 9; includeInIndex = 0; lastKnownFileType = unknown; name = Skia.ttf; path = "../node_modules/native-base/Fonts/Skia.ttf"; sourceTree = "<group>"; };
		982A29ED74294B77AA3B6C0B /* libRCTYouTube.a */ = {isa = PBXFileReference; explicitFileType = undefined; fileEncoding = 9; includeInIndex = 0; lastKnownFileType = archive.ar; path = libRCTYouTube.a; sourceTree = "<group>"; };
		A7D9D404C9F04A28BBA3201F /* Courier New.ttf */ = {isa = PBXFileReference; explicitFileType = undefined; fileEncoding = 9; includeInIndex = 0; lastKnownFileType = unknown; name = "Courier New.ttf"; path = "../node_modules/native-base/Fonts/Courier New.ttf"; sourceTree = "<group>"; };
		A833F0ABA3DE4FA0B234F696 /* Arial Black.ttf */ = {isa = PBXFileReference; explicitFileType = undefined; fileEncoding = 9; includeInIndex = 0; lastKnownFileType = unknown; name = "Arial Black.ttf"; path = "../node_modules/native-base/Fonts/Arial Black.ttf"; sourceTree = "<group>"; };
		B25672626FC343CEA055E8FE /* libCodePush.a */ = {isa = PBXFileReference; explicitFileType = undefined; fileEncoding = 9; includeInIndex = 0; lastKnownFileType = archive.ar; path = libCodePush.a; sourceTree = "<group>"; };
		B7EF299395C04BABAA5F25B2 /* CodePush.xcodeproj */ = {isa = PBXFileReference; explicitFileType = undefined; fileEncoding = 9; includeInIndex = 0; lastKnownFileType = "wrapper.pb-project"; name = CodePush.xcodeproj; path = "../node_modules/react-native-code-push/ios/CodePush.xcodeproj"; sourceTree = "<group>"; };
		B9A2A80099F44C9DB4649090 /* RealmReact.xcodeproj */ = {isa = PBXFileReference; explicitFileType = undefined; fileEncoding = 9; includeInIndex = 0; lastKnownFileType = "wrapper.pb-project"; name = RealmReact.xcodeproj; path = "../node_modules/realm/react-native/ios/RealmReact.xcodeproj"; sourceTree = "<group>"; };
		CB3EA2241D54C41A006C46A1 /* YTPlayerView.h */ = {isa = PBXFileReference; fileEncoding = 4; lastKnownFileType = sourcecode.c.h; name = YTPlayerView.h; path = "build/Build/Products/Debug-iphonesimulator/youtube-ios-player-helper/YTPlayerView.h"; sourceTree = "<group>"; };
		CB3EA2251D54C41A006C46A1 /* YTPlayerView.m */ = {isa = PBXFileReference; fileEncoding = 4; lastKnownFileType = sourcecode.c.objc; path = YTPlayerView.m; sourceTree = "<group>"; };
		CB3EA22B1D54C496006C46A1 /* YTPlayerView-iframe-player.html */ = {isa = PBXFileReference; fileEncoding = 4; lastKnownFileType = text.html; path = "YTPlayerView-iframe-player.html"; sourceTree = "<group>"; };
		CB3EA23E1D54C761006C46A1 /* libyoutube-ios-player-helper.a */ = {isa = PBXFileReference; lastKnownFileType = archive.ar; name = "libyoutube-ios-player-helper.a"; path = "build/Build/Products/Debug-iphonesimulator/youtube-ios-player-helper/libyoutube-ios-player-helper.a"; sourceTree = "<group>"; };
		CB4133F21D54B0AB006B674C /* YTPlayerView-iframe-player.html */ = {isa = PBXFileReference; fileEncoding = 4; lastKnownFileType = text.html; path = "YTPlayerView-iframe-player.html"; sourceTree = "<group>"; };
		CB4134241D54B6C5006B674C /* RCTYouTube.xcodeproj */ = {isa = PBXFileReference; lastKnownFileType = "wrapper.pb-project"; name = RCTYouTube.xcodeproj; path = "../node_modules/react-native-youtube/RCTYouTube.xcodeproj"; sourceTree = "<group>"; };
		CB4512A81D49E92100FA226A /* ART.xcodeproj */ = {isa = PBXFileReference; lastKnownFileType = "wrapper.pb-project"; name = ART.xcodeproj; path = "../node_modules/react-native/Libraries/ART/ART.xcodeproj"; sourceTree = "<group>"; };
		CBB82C101D4C4A2F00BF1A09 /* Fonts */ = {isa = PBXFileReference; lastKnownFileType = folder; name = Fonts; path = "../node_modules/react-native-vector-icons/Fonts"; sourceTree = "<group>"; };
		F76C9056C46040BA966E708B /* SF-UI-Text-Regular.otf */ = {isa = PBXFileReference; explicitFileType = undefined; fileEncoding = 9; includeInIndex = 0; lastKnownFileType = unknown; name = "SF-UI-Text-Regular.otf"; path = "../node_modules/native-base/Fonts/SF-UI-Text-Regular.otf"; sourceTree = "<group>"; };
		FB33EDE7B74347D48FABC4BE /* Andale Mono.ttf */ = {isa = PBXFileReference; explicitFileType = undefined; fileEncoding = 9; includeInIndex = 0; lastKnownFileType = unknown; name = "Andale Mono.ttf"; path = "../node_modules/native-base/Fonts/Andale Mono.ttf"; sourceTree = "<group>"; };
		FE4FD89DA6EA4008B0EEE8D6 /* Times New Roman.ttf */ = {isa = PBXFileReference; explicitFileType = undefined; fileEncoding = 9; includeInIndex = 0; lastKnownFileType = unknown; name = "Times New Roman.ttf"; path = "../node_modules/native-base/Fonts/Times New Roman.ttf"; sourceTree = "<group>"; };
		9C8E5AB71DD149F4A0DA00F4 /* RCTVideo.xcodeproj */ = {isa = PBXFileReference; name = "RCTVideo.xcodeproj"; path = "../node_modules/react-native-video/RCTVideo.xcodeproj"; sourceTree = "<group>"; fileEncoding = undefined; lastKnownFileType = wrapper.pb-project; explicitFileType = undefined; includeInIndex = 0; };
		CAD07CA0BD444171BBF923AD /* libRCTVideo.a */ = {isa = PBXFileReference; name = "libRCTVideo.a"; path = "libRCTVideo.a"; sourceTree = "<group>"; fileEncoding = undefined; lastKnownFileType = archive.ar; explicitFileType = undefined; includeInIndex = 0; };
/* End PBXFileReference section */

/* Begin PBXFrameworksBuildPhase section */
		00E356EB1AD99517003FC87E /* Frameworks */ = {
			isa = PBXFrameworksBuildPhase;
			buildActionMask = 2147483647;
			files = (
				140ED2AC1D01E1AD002B40FF /* libReact.a in Frameworks */,
				CB4512D31D49ECE700FA226A /* libART.a in Frameworks */,
			);
			runOnlyForDeploymentPostprocessing = 0;
		};
		13B07F8C1A680F5B00A75B9A /* Frameworks */ = {
			isa = PBXFrameworksBuildPhase;
			buildActionMask = 2147483647;
			files = (
				CB3EA23F1D54C761006C46A1 /* libyoutube-ios-player-helper.a in Frameworks */,
				CBADB0F51D54BEDA003A4577 /* libRCTYouTube.a in Frameworks */,
				146834051AC3E58100842450 /* libReact.a in Frameworks */,
				00C302E51ABCBA2D00DB3ED1 /* libRCTActionSheet.a in Frameworks */,
				00C302E71ABCBA2D00DB3ED1 /* libRCTGeolocation.a in Frameworks */,
				00C302E81ABCBA2D00DB3ED1 /* libRCTImage.a in Frameworks */,
				133E29F31AD74F7200F7D852 /* libRCTLinking.a in Frameworks */,
				00C302E91ABCBA2D00DB3ED1 /* libRCTNetwork.a in Frameworks */,
				139105C61AF99C1200B5F7CC /* libRCTSettings.a in Frameworks */,
				832341BD1AAA6AB300B99B32 /* libRCTText.a in Frameworks */,
				00C302EA1ABCBA2D00DB3ED1 /* libRCTVibration.a in Frameworks */,
				139FDEF61B0652A700C62182 /* libRCTWebSocket.a in Frameworks */,
				A1528D0247604A92934CC41A /* libRealmReact.a in Frameworks */,
				73A8EF9AA86C4D2D933D9BA3 /* libc++.tbd in Frameworks */,
				CB4512EE1D49EDB400FA226A /* libART.a in Frameworks */,
				862D4613EF5748A48F1E4716 /* libz.tbd in Frameworks */,
				EA9DF594D2FD43A8A7B686A5 /* libCodePush.a in Frameworks */,
				702F1DD34E2F4FCBA26EA294 /* libRNVectorIcons.a in Frameworks */,
				CBDCE52D23BE499992715F67 /* libRCTYouTube.a in Frameworks */,
				7FC4E36171AC487CA5A2CE63 /* libRCTVideo.a in Frameworks */,
			);
			runOnlyForDeploymentPostprocessing = 0;
		};
/* End PBXFrameworksBuildPhase section */

/* Begin PBXGroup section */
		00C302A81ABCB8CE00DB3ED1 /* Products */ = {
			isa = PBXGroup;
			children = (
				00C302AC1ABCB8CE00DB3ED1 /* libRCTActionSheet.a */,
			);
			name = Products;
			sourceTree = "<group>";
		};
		00C302B61ABCB90400DB3ED1 /* Products */ = {
			isa = PBXGroup;
			children = (
				00C302BA1ABCB90400DB3ED1 /* libRCTGeolocation.a */,
			);
			name = Products;
			sourceTree = "<group>";
		};
		00C302BC1ABCB91800DB3ED1 /* Products */ = {
			isa = PBXGroup;
			children = (
				00C302C01ABCB91800DB3ED1 /* libRCTImage.a */,
			);
			name = Products;
			sourceTree = "<group>";
		};
		00C302D41ABCB9D200DB3ED1 /* Products */ = {
			isa = PBXGroup;
			children = (
				00C302DC1ABCB9D200DB3ED1 /* libRCTNetwork.a */,
			);
			name = Products;
			sourceTree = "<group>";
		};
		00C302E01ABCB9EE00DB3ED1 /* Products */ = {
			isa = PBXGroup;
			children = (
				00C302E41ABCB9EE00DB3ED1 /* libRCTVibration.a */,
			);
			name = Products;
			sourceTree = "<group>";
		};
		00E356EF1AD99517003FC87E /* NextMatchTests */ = {
			isa = PBXGroup;
			children = (
				00E356F21AD99517003FC87E /* NextMatchTests.m */,
				00E356F01AD99517003FC87E /* Supporting Files */,
			);
			path = NextMatchTests;
			sourceTree = "<group>";
		};
		00E356F01AD99517003FC87E /* Supporting Files */ = {
			isa = PBXGroup;
			children = (
				00E356F11AD99517003FC87E /* Info.plist */,
			);
			name = "Supporting Files";
			sourceTree = "<group>";
		};
		139105B71AF99BAD00B5F7CC /* Products */ = {
			isa = PBXGroup;
			children = (
				139105C11AF99BAD00B5F7CC /* libRCTSettings.a */,
			);
			name = Products;
			sourceTree = "<group>";
		};
		139FDEE71B06529A00C62182 /* Products */ = {
			isa = PBXGroup;
			children = (
				139FDEF41B06529B00C62182 /* libRCTWebSocket.a */,
			);
			name = Products;
			sourceTree = "<group>";
		};
		13B07FAE1A68108700A75B9A /* NextMatch */ = {
			isa = PBXGroup;
			children = (
				008F07F21AC5B25A0029DE68 /* main.jsbundle */,
				13B07FAF1A68108700A75B9A /* AppDelegate.h */,
				13B07FB01A68108700A75B9A /* AppDelegate.m */,
				13B07FB51A68108700A75B9A /* Images.xcassets */,
				13B07FB61A68108700A75B9A /* Info.plist */,
				13B07FB11A68108700A75B9A /* LaunchScreen.xib */,
				13B07FB71A68108700A75B9A /* main.m */,
				CB3EA2241D54C41A006C46A1 /* YTPlayerView.h */,
				CB3EA2251D54C41A006C46A1 /* YTPlayerView.m */,
				CB3EA22B1D54C496006C46A1 /* YTPlayerView-iframe-player.html */,
			);
			name = NextMatch;
			sourceTree = "<group>";
		};
		146834001AC3E56700842450 /* Products */ = {
			isa = PBXGroup;
			children = (
				146834041AC3E56700842450 /* libReact.a */,
			);
			name = Products;
			sourceTree = "<group>";
		};
		78C398B11ACF4ADC00677621 /* Products */ = {
			isa = PBXGroup;
			children = (
				78C398B91ACF4ADC00677621 /* libRCTLinking.a */,
			);
			name = Products;
			sourceTree = "<group>";
		};
		832341AE1AAA6A7D00B99B32 /* Libraries */ = {
			isa = PBXGroup;
			children = (
				CB4134241D54B6C5006B674C /* RCTYouTube.xcodeproj */,
				CB4512A81D49E92100FA226A /* ART.xcodeproj */,
				146833FF1AC3E56700842450 /* React.xcodeproj */,
				00C302A71ABCB8CE00DB3ED1 /* RCTActionSheet.xcodeproj */,
				00C302B51ABCB90400DB3ED1 /* RCTGeolocation.xcodeproj */,
				00C302BB1ABCB91800DB3ED1 /* RCTImage.xcodeproj */,
				78C398B01ACF4ADC00677621 /* RCTLinking.xcodeproj */,
				00C302D31ABCB9D200DB3ED1 /* RCTNetwork.xcodeproj */,
				139105B61AF99BAD00B5F7CC /* RCTSettings.xcodeproj */,
				832341B01AAA6A8300B99B32 /* RCTText.xcodeproj */,
				00C302DF1ABCB9EE00DB3ED1 /* RCTVibration.xcodeproj */,
				139FDEE61B06529A00C62182 /* RCTWebSocket.xcodeproj */,
				B9A2A80099F44C9DB4649090 /* RealmReact.xcodeproj */,
				B7EF299395C04BABAA5F25B2 /* CodePush.xcodeproj */,
				628139195F1F4BC78C3DC0B7 /* RNVectorIcons.xcodeproj */,
				125EF6093F00448D821D21C9 /* RCTYouTube.xcodeproj */,
				9C8E5AB71DD149F4A0DA00F4 /* RCTVideo.xcodeproj */,
			);
			name = Libraries;
			sourceTree = "<group>";
		};
		832341B11AAA6A8300B99B32 /* Products */ = {
			isa = PBXGroup;
			children = (
				832341B51AAA6A8300B99B32 /* libRCTText.a */,
			);
			name = Products;
			sourceTree = "<group>";
		};
		83CBB9F61A601CBA00E9B192 = {
			isa = PBXGroup;
			children = (
				CB3EA22A1D54C470006C46A1 /* Supporting Files */,
				CBB82C101D4C4A2F00BF1A09 /* Fonts */,
				13B07FAE1A68108700A75B9A /* NextMatch */,
				832341AE1AAA6A7D00B99B32 /* Libraries */,
				00E356EF1AD99517003FC87E /* NextMatchTests */,
				83CBBA001A601CBA00E9B192 /* Products */,
				D57F7B38F02A4B978ACC28E8 /* Frameworks */,
				89ED2EFE784A48A8AFCC56AF /* Resources */,
			);
			indentWidth = 2;
			sourceTree = "<group>";
			tabWidth = 2;
		};
		83CBBA001A601CBA00E9B192 /* Products */ = {
			isa = PBXGroup;
			children = (
				13B07F961A680F5B00A75B9A /* NextMatch.app */,
				00E356EE1AD99517003FC87E /* NextMatchTests.xctest */,
			);
			name = Products;
			sourceTree = "<group>";
		};
		89ED2EFE784A48A8AFCC56AF /* Resources */ = {
			isa = PBXGroup;
			children = (
				FB33EDE7B74347D48FABC4BE /* Andale Mono.ttf */,
				A833F0ABA3DE4FA0B234F696 /* Arial Black.ttf */,
				098A5CDCA894448086C29D62 /* Arial.ttf */,
				6430F12D79B441F39E4B959C /* Comic Sans MS.ttf */,
				A7D9D404C9F04A28BBA3201F /* Courier New.ttf */,
				96779DE5A96F47DB8168A347 /* Georgia.ttf */,
				5DEDF701BB2345BF95A79CE4 /* Microsoft Sans Serif.ttf */,
				64DE19BEF2B94EA7AB509E01 /* Roboto_medium.ttf */,
				4556E588BD06449FB57BC554 /* Roboto.ttf */,
				F76C9056C46040BA966E708B /* SF-UI-Text-Regular.otf */,
				973A9EA111AB40889EA33DE8 /* Skia.ttf */,
				FE4FD89DA6EA4008B0EEE8D6 /* Times New Roman.ttf */,
				42FAC83B01924F128CA3A1B9 /* Entypo.ttf */,
				75A05BFEA1334D9D8A8C1BE7 /* EvilIcons.ttf */,
				40D8EAC68F8243B79EFB0A04 /* FontAwesome.ttf */,
				44038656D485476D985ADD76 /* Foundation.ttf */,
				1C8BADABFA4343AB9A0E71D5 /* Ionicons.ttf */,
				2362AC20033D41229EACE3C5 /* MaterialIcons.ttf */,
				64F991E6F0984E87ACC9DF96 /* Octicons.ttf */,
				5828B8D7DD964F4A89A24E20 /* Zocial.ttf */,
			);
			name = Resources;
			sourceTree = "<group>";
		};
		CB2A18161D47B81200A9DAA5 /* Products */ = {
			isa = PBXGroup;
			children = (
				CB2A18241D47B81300A9DAA5 /* libRealmReact.a */,
			);
			name = Products;
			sourceTree = "<group>";
		};
		CB3EA22A1D54C470006C46A1 /* Supporting Files */ = {
			isa = PBXGroup;
			children = (
				CB4133F21D54B0AB006B674C /* YTPlayerView-iframe-player.html */,
			);
			name = "Supporting Files";
			sourceTree = "<group>";
		};
		CB4133DB1D54B056006B674C /* Products */ = {
			isa = PBXGroup;
			children = (
				CB4133EC1D54B057006B674C /* libRCTYouTube.a */,
			);
			name = Products;
			sourceTree = "<group>";
		};
		CB4133DD1D54B056006B674C /* Products */ = {
			isa = PBXGroup;
			children = (
				CB4133F11D54B057006B674C /* libRNVectorIcons.a */,
			);
			name = Products;
			sourceTree = "<group>";
		};
		CB4134251D54B6C5006B674C /* Products */ = {
			isa = PBXGroup;
			children = (
				CB4134291D54B6C5006B674C /* libRCTYouTube.a */,
			);
			name = Products;
			sourceTree = "<group>";
		};
		CB4512A91D49E92100FA226A /* Products */ = {
			isa = PBXGroup;
			children = (
				CB4512AD1D49E92100FA226A /* libART.a */,
			);
			name = Products;
			sourceTree = "<group>";
		};
		CBB82BE21D4C491600BF1A09 /* Products */ = {
			isa = PBXGroup;
			children = (
				CBB82BE71D4C491600BF1A09 /* libCodePush.a */,
			);
			name = Products;
			sourceTree = "<group>";
		};
		D57F7B38F02A4B978ACC28E8 /* Frameworks */ = {
			isa = PBXGroup;
			children = (
				CB3EA23E1D54C761006C46A1 /* libyoutube-ios-player-helper.a */,
				7D5BEB1B4C984E24A4A3C2A4 /* libc++.tbd */,
				13C42B6166214E3F94A3A16C /* libz.tbd */,
			);
			name = Frameworks;
			sourceTree = "<group>";
		};
/* End PBXGroup section */

/* Begin PBXNativeTarget section */
		00E356ED1AD99517003FC87E /* NextMatchTests */ = {
			isa = PBXNativeTarget;
			buildConfigurationList = 00E357021AD99517003FC87E /* Build configuration list for PBXNativeTarget "NextMatchTests" */;
			buildPhases = (
				71CC993C279172E4E07127B4 /* [CP] Check Pods Manifest.lock */,
				00E356EA1AD99517003FC87E /* Sources */,
				00E356EB1AD99517003FC87E /* Frameworks */,
				00E356EC1AD99517003FC87E /* Resources */,
				1660CF53CD6965DF9B5902FB /* [CP] Embed Pods Frameworks */,
				78F8DF49275C99C4A618553B /* [CP] Copy Pods Resources */,
			);
			buildRules = (
			);
			dependencies = (
				00E356F51AD99517003FC87E /* PBXTargetDependency */,
			);
			name = NextMatchTests;
			productName = NextMatchTests;
			productReference = 00E356EE1AD99517003FC87E /* NextMatchTests.xctest */;
			productType = "com.apple.product-type.bundle.unit-test";
		};
		13B07F861A680F5B00A75B9A /* NextMatch */ = {
			isa = PBXNativeTarget;
			buildConfigurationList = 13B07F931A680F5B00A75B9A /* Build configuration list for PBXNativeTarget "NextMatch" */;
			buildPhases = (
				13B07F871A680F5B00A75B9A /* Sources */,
				13B07F8C1A680F5B00A75B9A /* Frameworks */,
				13B07F8E1A680F5B00A75B9A /* Resources */,
				00DD1BFF1BD5951E006B06BC /* Bundle React Native code and images */,
			);
			buildRules = (
			);
			dependencies = (
			);
			name = NextMatch;
			productName = "Hello World";
			productReference = 13B07F961A680F5B00A75B9A /* NextMatch.app */;
			productType = "com.apple.product-type.application";
		};
/* End PBXNativeTarget section */

/* Begin PBXProject section */
		83CBB9F71A601CBA00E9B192 /* Project object */ = {
			isa = PBXProject;
			attributes = {
				LastUpgradeCheck = 730;
				ORGANIZATIONNAME = Facebook;
				TargetAttributes = {
					00E356ED1AD99517003FC87E = {
						CreatedOnToolsVersion = 6.2;
						TestTargetID = 13B07F861A680F5B00A75B9A;
					};
				};
			};
			buildConfigurationList = 83CBB9FA1A601CBA00E9B192 /* Build configuration list for PBXProject "NextMatch" */;
			compatibilityVersion = "Xcode 3.2";
			developmentRegion = English;
			hasScannedForEncodings = 0;
			knownRegions = (
				en,
				Base,
			);
			mainGroup = 83CBB9F61A601CBA00E9B192;
			productRefGroup = 83CBBA001A601CBA00E9B192 /* Products */;
			projectDirPath = "";
			projectReferences = (
				{
					ProductGroup = CB4512A91D49E92100FA226A /* Products */;
					ProjectRef = CB4512A81D49E92100FA226A /* ART.xcodeproj */;
				},
				{
					ProductGroup = CBB82BE21D4C491600BF1A09 /* Products */;
					ProjectRef = B7EF299395C04BABAA5F25B2 /* CodePush.xcodeproj */;
				},
				{
					ProductGroup = 00C302A81ABCB8CE00DB3ED1 /* Products */;
					ProjectRef = 00C302A71ABCB8CE00DB3ED1 /* RCTActionSheet.xcodeproj */;
				},
				{
					ProductGroup = 00C302B61ABCB90400DB3ED1 /* Products */;
					ProjectRef = 00C302B51ABCB90400DB3ED1 /* RCTGeolocation.xcodeproj */;
				},
				{
					ProductGroup = 00C302BC1ABCB91800DB3ED1 /* Products */;
					ProjectRef = 00C302BB1ABCB91800DB3ED1 /* RCTImage.xcodeproj */;
				},
				{
					ProductGroup = 78C398B11ACF4ADC00677621 /* Products */;
					ProjectRef = 78C398B01ACF4ADC00677621 /* RCTLinking.xcodeproj */;
				},
				{
					ProductGroup = 00C302D41ABCB9D200DB3ED1 /* Products */;
					ProjectRef = 00C302D31ABCB9D200DB3ED1 /* RCTNetwork.xcodeproj */;
				},
				{
					ProductGroup = 139105B71AF99BAD00B5F7CC /* Products */;
					ProjectRef = 139105B61AF99BAD00B5F7CC /* RCTSettings.xcodeproj */;
				},
				{
					ProductGroup = 832341B11AAA6A8300B99B32 /* Products */;
					ProjectRef = 832341B01AAA6A8300B99B32 /* RCTText.xcodeproj */;
				},
				{
					ProductGroup = 00C302E01ABCB9EE00DB3ED1 /* Products */;
					ProjectRef = 00C302DF1ABCB9EE00DB3ED1 /* RCTVibration.xcodeproj */;
				},
				{
					ProductGroup = 139FDEE71B06529A00C62182 /* Products */;
					ProjectRef = 139FDEE61B06529A00C62182 /* RCTWebSocket.xcodeproj */;
				},
				{
					ProductGroup = CB4134251D54B6C5006B674C /* Products */;
					ProjectRef = CB4134241D54B6C5006B674C /* RCTYouTube.xcodeproj */;
				},
				{
					ProductGroup = CB4133DB1D54B056006B674C /* Products */;
					ProjectRef = 125EF6093F00448D821D21C9 /* RCTYouTube.xcodeproj */;
				},
				{
					ProductGroup = 146834001AC3E56700842450 /* Products */;
					ProjectRef = 146833FF1AC3E56700842450 /* React.xcodeproj */;
				},
				{
					ProductGroup = CB2A18161D47B81200A9DAA5 /* Products */;
					ProjectRef = B9A2A80099F44C9DB4649090 /* RealmReact.xcodeproj */;
				},
				{
					ProductGroup = CB4133DD1D54B056006B674C /* Products */;
					ProjectRef = 628139195F1F4BC78C3DC0B7 /* RNVectorIcons.xcodeproj */;
				},
			);
			projectRoot = "";
			targets = (
				13B07F861A680F5B00A75B9A /* NextMatch */,
				00E356ED1AD99517003FC87E /* NextMatchTests */,
			);
		};
/* End PBXProject section */

/* Begin PBXReferenceProxy section */
		00C302AC1ABCB8CE00DB3ED1 /* libRCTActionSheet.a */ = {
			isa = PBXReferenceProxy;
			fileType = archive.ar;
			path = libRCTActionSheet.a;
			remoteRef = 00C302AB1ABCB8CE00DB3ED1 /* PBXContainerItemProxy */;
			sourceTree = BUILT_PRODUCTS_DIR;
		};
		00C302BA1ABCB90400DB3ED1 /* libRCTGeolocation.a */ = {
			isa = PBXReferenceProxy;
			fileType = archive.ar;
			path = libRCTGeolocation.a;
			remoteRef = 00C302B91ABCB90400DB3ED1 /* PBXContainerItemProxy */;
			sourceTree = BUILT_PRODUCTS_DIR;
		};
		00C302C01ABCB91800DB3ED1 /* libRCTImage.a */ = {
			isa = PBXReferenceProxy;
			fileType = archive.ar;
			path = libRCTImage.a;
			remoteRef = 00C302BF1ABCB91800DB3ED1 /* PBXContainerItemProxy */;
			sourceTree = BUILT_PRODUCTS_DIR;
		};
		00C302DC1ABCB9D200DB3ED1 /* libRCTNetwork.a */ = {
			isa = PBXReferenceProxy;
			fileType = archive.ar;
			path = libRCTNetwork.a;
			remoteRef = 00C302DB1ABCB9D200DB3ED1 /* PBXContainerItemProxy */;
			sourceTree = BUILT_PRODUCTS_DIR;
		};
		00C302E41ABCB9EE00DB3ED1 /* libRCTVibration.a */ = {
			isa = PBXReferenceProxy;
			fileType = archive.ar;
			path = libRCTVibration.a;
			remoteRef = 00C302E31ABCB9EE00DB3ED1 /* PBXContainerItemProxy */;
			sourceTree = BUILT_PRODUCTS_DIR;
		};
		139105C11AF99BAD00B5F7CC /* libRCTSettings.a */ = {
			isa = PBXReferenceProxy;
			fileType = archive.ar;
			path = libRCTSettings.a;
			remoteRef = 139105C01AF99BAD00B5F7CC /* PBXContainerItemProxy */;
			sourceTree = BUILT_PRODUCTS_DIR;
		};
		139FDEF41B06529B00C62182 /* libRCTWebSocket.a */ = {
			isa = PBXReferenceProxy;
			fileType = archive.ar;
			path = libRCTWebSocket.a;
			remoteRef = 139FDEF31B06529B00C62182 /* PBXContainerItemProxy */;
			sourceTree = BUILT_PRODUCTS_DIR;
		};
		146834041AC3E56700842450 /* libReact.a */ = {
			isa = PBXReferenceProxy;
			fileType = archive.ar;
			path = libReact.a;
			remoteRef = 146834031AC3E56700842450 /* PBXContainerItemProxy */;
			sourceTree = BUILT_PRODUCTS_DIR;
		};
		78C398B91ACF4ADC00677621 /* libRCTLinking.a */ = {
			isa = PBXReferenceProxy;
			fileType = archive.ar;
			path = libRCTLinking.a;
			remoteRef = 78C398B81ACF4ADC00677621 /* PBXContainerItemProxy */;
			sourceTree = BUILT_PRODUCTS_DIR;
		};
		832341B51AAA6A8300B99B32 /* libRCTText.a */ = {
			isa = PBXReferenceProxy;
			fileType = archive.ar;
			path = libRCTText.a;
			remoteRef = 832341B41AAA6A8300B99B32 /* PBXContainerItemProxy */;
			sourceTree = BUILT_PRODUCTS_DIR;
		};
		CB2A18241D47B81300A9DAA5 /* libRealmReact.a */ = {
			isa = PBXReferenceProxy;
			fileType = archive.ar;
			path = libRealmReact.a;
			remoteRef = CB2A18231D47B81300A9DAA5 /* PBXContainerItemProxy */;
			sourceTree = BUILT_PRODUCTS_DIR;
		};
		CB4133EC1D54B057006B674C /* libRCTYouTube.a */ = {
			isa = PBXReferenceProxy;
			fileType = archive.ar;
			path = libRCTYouTube.a;
			remoteRef = CB4133EB1D54B057006B674C /* PBXContainerItemProxy */;
			sourceTree = BUILT_PRODUCTS_DIR;
		};
		CB4133F11D54B057006B674C /* libRNVectorIcons.a */ = {
			isa = PBXReferenceProxy;
			fileType = archive.ar;
			path = libRNVectorIcons.a;
			remoteRef = CB4133F01D54B057006B674C /* PBXContainerItemProxy */;
			sourceTree = BUILT_PRODUCTS_DIR;
		};
		CB4134291D54B6C5006B674C /* libRCTYouTube.a */ = {
			isa = PBXReferenceProxy;
			fileType = archive.ar;
			path = libRCTYouTube.a;
			remoteRef = CB4134281D54B6C5006B674C /* PBXContainerItemProxy */;
			sourceTree = BUILT_PRODUCTS_DIR;
		};
		CB4512AD1D49E92100FA226A /* libART.a */ = {
			isa = PBXReferenceProxy;
			fileType = archive.ar;
			path = libART.a;
			remoteRef = CB4512AC1D49E92100FA226A /* PBXContainerItemProxy */;
			sourceTree = BUILT_PRODUCTS_DIR;
		};
		CBB82BE71D4C491600BF1A09 /* libCodePush.a */ = {
			isa = PBXReferenceProxy;
			fileType = archive.ar;
			path = libCodePush.a;
			remoteRef = CBB82BE61D4C491600BF1A09 /* PBXContainerItemProxy */;
			sourceTree = BUILT_PRODUCTS_DIR;
		};
/* End PBXReferenceProxy section */

/* Begin PBXResourcesBuildPhase section */
		00E356EC1AD99517003FC87E /* Resources */ = {
			isa = PBXResourcesBuildPhase;
			buildActionMask = 2147483647;
			files = (
				CB4133F41D54B0AB006B674C /* YTPlayerView-iframe-player.html in Resources */,
			);
			runOnlyForDeploymentPostprocessing = 0;
		};
		13B07F8E1A680F5B00A75B9A /* Resources */ = {
			isa = PBXResourcesBuildPhase;
			buildActionMask = 2147483647;
			files = (
				CBB82C111D4C4A2F00BF1A09 /* Fonts in Resources */,
				13B07FBF1A68108700A75B9A /* Images.xcassets in Resources */,
				CB4133F31D54B0AB006B674C /* YTPlayerView-iframe-player.html in Resources */,
				13B07FBD1A68108700A75B9A /* LaunchScreen.xib in Resources */,
				8EEE567890204B11BAE4CBB5 /* Andale Mono.ttf in Resources */,
				CBA8347A067A417F8474A0B2 /* Arial Black.ttf in Resources */,
				0DA2964A483B4E0582910D14 /* Arial.ttf in Resources */,
				03F1E27C8C244D91BEA1F474 /* Comic Sans MS.ttf in Resources */,
				F5B0BADB5FA642F6BD6373DC /* Courier New.ttf in Resources */,
				95D02F26614046B5BF29FFB7 /* Georgia.ttf in Resources */,
				4D9684B7064B465DBFD2FBDF /* Microsoft Sans Serif.ttf in Resources */,
				FBC01B9878144D4683C05611 /* Roboto_medium.ttf in Resources */,
				3D7FAC2AC7A143359BA4973E /* Roboto.ttf in Resources */,
				B9C16A87D28C49C59C42E465 /* SF-UI-Text-Regular.otf in Resources */,
				7A064BD189C941DB98CE9DB2 /* Skia.ttf in Resources */,
				622E0FDC08204A30B5C0B487 /* Times New Roman.ttf in Resources */,
				17E0C727615548CE9C0DD9FA /* Entypo.ttf in Resources */,
				31DC00A970034096BF5B7524 /* EvilIcons.ttf in Resources */,
				B361259C6227471CAE9BE56F /* FontAwesome.ttf in Resources */,
				CB3EA22C1D54C496006C46A1 /* YTPlayerView-iframe-player.html in Resources */,
				CC871CD4CEEC4E27A22E7733 /* Foundation.ttf in Resources */,
				CF66F235FC64429B8A106DF1 /* Ionicons.ttf in Resources */,
				78FF373E7109426F800534B3 /* MaterialIcons.ttf in Resources */,
				553123840F88426BA4CA6F81 /* Octicons.ttf in Resources */,
				335BD9007BAC4B46AFF1CECB /* Zocial.ttf in Resources */,
			);
			runOnlyForDeploymentPostprocessing = 0;
		};
/* End PBXResourcesBuildPhase section */

/* Begin PBXShellScriptBuildPhase section */
		00DD1BFF1BD5951E006B06BC /* Bundle React Native code and images */ = {
			isa = PBXShellScriptBuildPhase;
			buildActionMask = 2147483647;
			files = (
			);
			inputPaths = (
			);
			name = "Bundle React Native code and images";
			outputPaths = (
			);
			runOnlyForDeploymentPostprocessing = 0;
			shellPath = /bin/sh;
			shellScript = "export NODE_BINARY=node\n../node_modules/react-native/packager/react-native-xcode.sh";
		};
		1660CF53CD6965DF9B5902FB /* [CP] Embed Pods Frameworks */ = {
			isa = PBXShellScriptBuildPhase;
			buildActionMask = 2147483647;
			files = (
			);
			inputPaths = (
			);
			name = "[CP] Embed Pods Frameworks";
			outputPaths = (
			);
			runOnlyForDeploymentPostprocessing = 0;
			shellPath = /bin/sh;
			shellScript = "\"${SRCROOT}/Pods/Target Support Files/Pods-NextMatchTests/Pods-NextMatchTests-frameworks.sh\"\n";
			showEnvVarsInLog = 0;
		};
		71CC993C279172E4E07127B4 /* [CP] Check Pods Manifest.lock */ = {
			isa = PBXShellScriptBuildPhase;
			buildActionMask = 2147483647;
			files = (
			);
			inputPaths = (
			);
			name = "[CP] Check Pods Manifest.lock";
			outputPaths = (
			);
			runOnlyForDeploymentPostprocessing = 0;
			shellPath = /bin/sh;
			shellScript = "diff \"${PODS_ROOT}/../Podfile.lock\" \"${PODS_ROOT}/Manifest.lock\" > /dev/null\nif [[ $? != 0 ]] ; then\n    cat << EOM\nerror: The sandbox is not in sync with the Podfile.lock. Run 'pod install' or update your CocoaPods installation.\nEOM\n    exit 1\nfi\n";
			showEnvVarsInLog = 0;
		};
		78F8DF49275C99C4A618553B /* [CP] Copy Pods Resources */ = {
			isa = PBXShellScriptBuildPhase;
			buildActionMask = 2147483647;
			files = (
			);
			inputPaths = (
			);
			name = "[CP] Copy Pods Resources";
			outputPaths = (
			);
			runOnlyForDeploymentPostprocessing = 0;
			shellPath = /bin/sh;
			shellScript = "\"${SRCROOT}/Pods/Target Support Files/Pods-NextMatchTests/Pods-NextMatchTests-resources.sh\"\n";
			showEnvVarsInLog = 0;
		};
/* End PBXShellScriptBuildPhase section */

/* Begin PBXSourcesBuildPhase section */
		00E356EA1AD99517003FC87E /* Sources */ = {
			isa = PBXSourcesBuildPhase;
			buildActionMask = 2147483647;
			files = (
				00E356F31AD99517003FC87E /* NextMatchTests.m in Sources */,
			);
			runOnlyForDeploymentPostprocessing = 0;
		};
		13B07F871A680F5B00A75B9A /* Sources */ = {
			isa = PBXSourcesBuildPhase;
			buildActionMask = 2147483647;
			files = (
				13B07FBC1A68108700A75B9A /* AppDelegate.m in Sources */,
				13B07FC11A68108700A75B9A /* main.m in Sources */,
				CB3EA2261D54C41A006C46A1 /* YTPlayerView.m in Sources */,
			);
			runOnlyForDeploymentPostprocessing = 0;
		};
/* End PBXSourcesBuildPhase section */

/* Begin PBXTargetDependency section */
		00E356F51AD99517003FC87E /* PBXTargetDependency */ = {
			isa = PBXTargetDependency;
			target = 13B07F861A680F5B00A75B9A /* NextMatch */;
			targetProxy = 00E356F41AD99517003FC87E /* PBXContainerItemProxy */;
		};
/* End PBXTargetDependency section */

/* Begin PBXVariantGroup section */
		13B07FB11A68108700A75B9A /* LaunchScreen.xib */ = {
			isa = PBXVariantGroup;
			children = (
				13B07FB21A68108700A75B9A /* Base */,
			);
			name = LaunchScreen.xib;
			path = NextMatch;
			sourceTree = "<group>";
		};
/* End PBXVariantGroup section */

/* Begin XCBuildConfiguration section */
		00E356F61AD99517003FC87E /* Debug */ = {
			isa = XCBuildConfiguration;
			buildSettings = {
				BUNDLE_LOADER = "$(TEST_HOST)";
				GCC_PREPROCESSOR_DEFINITIONS = (
					"DEBUG=1",
					"$(inherited)",
				);
				INFOPLIST_FILE = NextMatchTests/Info.plist;
				IPHONEOS_DEPLOYMENT_TARGET = 8.2;
				LD_RUNPATH_SEARCH_PATHS = "$(inherited) @executable_path/Frameworks @loader_path/Frameworks";
				LIBRARY_SEARCH_PATHS = (
					"$(inherited)",
					"\"$(SRCROOT)/$(TARGET_NAME)\"",
					"\"$(SRCROOT)/$(TARGET_NAME)\"",
					"\"$(SRCROOT)/$(TARGET_NAME)\"",
					"\"$(SRCROOT)/$(TARGET_NAME)\"",
					"\"$(SRCROOT)/$(TARGET_NAME)\"",
				);
				PRODUCT_BUNDLE_IDENTIFIER = "org.reactjs.native.example.$(PRODUCT_NAME:rfc1034identifier)";
				PRODUCT_NAME = "$(TARGET_NAME)";
				TEST_HOST = "$(BUILT_PRODUCTS_DIR)/NextMatch.app/NextMatch";
			};
			name = Debug;
		};
		00E356F71AD99517003FC87E /* Release */ = {
			isa = XCBuildConfiguration;
			buildSettings = {
				BUNDLE_LOADER = "$(TEST_HOST)";
				COPY_PHASE_STRIP = NO;
				INFOPLIST_FILE = NextMatchTests/Info.plist;
				IPHONEOS_DEPLOYMENT_TARGET = 8.2;
				LD_RUNPATH_SEARCH_PATHS = "$(inherited) @executable_path/Frameworks @loader_path/Frameworks";
				LIBRARY_SEARCH_PATHS = (
					"$(inherited)",
					"\"$(SRCROOT)/$(TARGET_NAME)\"",
					"\"$(SRCROOT)/$(TARGET_NAME)\"",
					"\"$(SRCROOT)/$(TARGET_NAME)\"",
					"\"$(SRCROOT)/$(TARGET_NAME)\"",
					"\"$(SRCROOT)/$(TARGET_NAME)\"",
				);
				PRODUCT_BUNDLE_IDENTIFIER = "org.reactjs.native.example.$(PRODUCT_NAME:rfc1034identifier)";
				PRODUCT_NAME = "$(TARGET_NAME)";
				TEST_HOST = "$(BUILT_PRODUCTS_DIR)/NextMatch.app/NextMatch";
			};
			name = Release;
		};
		13B07F941A680F5B00A75B9A /* Debug */ = {
			isa = XCBuildConfiguration;
			buildSettings = {
				ASSETCATALOG_COMPILER_APPICON_NAME = AppIcon;
				DEAD_CODE_STRIPPING = NO;
				HEADER_SEARCH_PATHS = (
					"$(inherited)",
					/Applications/Xcode.app/Contents/Developer/Toolchains/XcodeDefault.xctoolchain/usr/include,
					"$(SRCROOT)/../node_modules/react-native/React/**",
					"$(SRCROOT)/../node_modules/realm/src/**",
					"$(SRCROOT)/../node_modules/react-native-code-push/ios/CodePush/**",
					"$(SRCROOT)/../node_modules/react-native-vector-icons/RNVectorIconsManager",
					"$(SRCROOT)/../node_modules/react-native-youtube/**",
					"$(SRCROOT)/../node_modules/react-native-video",
				);
				INFOPLIST_FILE = NextMatch/Info.plist;
				LD_RUNPATH_SEARCH_PATHS = "$(inherited) @executable_path/Frameworks";
				LIBRARY_SEARCH_PATHS = (
					"$(inherited)",
					"$(PROJECT_DIR)/build/Build/Products/Debug-iphonesimulator/youtube-ios-player-helper",
				);
				OTHER_LDFLAGS = (
					"$(inherited)",
					"-ObjC",
					"-lc++",
				);
				PRODUCT_BUNDLE_IDENTIFIER = "org.reactjs.native.example.$(PRODUCT_NAME:rfc1034identifier)";
				PRODUCT_NAME = NextMatch;
			};
			name = Debug;
		};
		13B07F951A680F5B00A75B9A /* Release */ = {
			isa = XCBuildConfiguration;
			buildSettings = {
				ASSETCATALOG_COMPILER_APPICON_NAME = AppIcon;
				HEADER_SEARCH_PATHS = (
					"$(inherited)",
					/Applications/Xcode.app/Contents/Developer/Toolchains/XcodeDefault.xctoolchain/usr/include,
					"$(SRCROOT)/../node_modules/react-native/React/**",
					"$(SRCROOT)/../node_modules/realm/src/**",
					"$(SRCROOT)/../node_modules/react-native-code-push/ios/CodePush/**",
					"$(SRCROOT)/../node_modules/react-native-vector-icons/RNVectorIconsManager",
					"$(SRCROOT)/../node_modules/react-native-youtube/**",
					"$(SRCROOT)/../node_modules/react-native-video",
				);
				INFOPLIST_FILE = NextMatch/Info.plist;
				LD_RUNPATH_SEARCH_PATHS = "$(inherited) @executable_path/Frameworks";
				LIBRARY_SEARCH_PATHS = (
					"$(inherited)",
					"$(PROJECT_DIR)/build/Build/Products/Debug-iphonesimulator/youtube-ios-player-helper",
				);
				OTHER_LDFLAGS = (
					"$(inherited)",
					"-ObjC",
					"-lc++",
				);
				PRODUCT_BUNDLE_IDENTIFIER = "org.reactjs.native.example.$(PRODUCT_NAME:rfc1034identifier)";
				PRODUCT_NAME = NextMatch;
			};
			name = Release;
		};
		83CBBA201A601CBA00E9B192 /* Debug */ = {
			isa = XCBuildConfiguration;
			buildSettings = {
				ALWAYS_SEARCH_USER_PATHS = NO;
				CLANG_CXX_LANGUAGE_STANDARD = "gnu++0x";
				CLANG_CXX_LIBRARY = "libc++";
				CLANG_ENABLE_MODULES = YES;
				CLANG_ENABLE_OBJC_ARC = YES;
				CLANG_WARN_BOOL_CONVERSION = YES;
				CLANG_WARN_CONSTANT_CONVERSION = YES;
				CLANG_WARN_DIRECT_OBJC_ISA_USAGE = YES_ERROR;
				CLANG_WARN_EMPTY_BODY = YES;
				CLANG_WARN_ENUM_CONVERSION = YES;
				CLANG_WARN_INT_CONVERSION = YES;
				CLANG_WARN_OBJC_ROOT_CLASS = YES_ERROR;
				CLANG_WARN_UNREACHABLE_CODE = YES;
				CLANG_WARN__DUPLICATE_METHOD_MATCH = YES;
				"CODE_SIGN_IDENTITY[sdk=iphoneos*]" = "iPhone Developer";
				COPY_PHASE_STRIP = NO;
				ENABLE_STRICT_OBJC_MSGSEND = YES;
				ENABLE_TESTABILITY = YES;
				GCC_C_LANGUAGE_STANDARD = gnu99;
				GCC_DYNAMIC_NO_PIC = NO;
				GCC_OPTIMIZATION_LEVEL = 0;
				GCC_PREPROCESSOR_DEFINITIONS = (
					"DEBUG=1",
					"$(inherited)",
				);
				GCC_SYMBOLS_PRIVATE_EXTERN = NO;
				GCC_WARN_64_TO_32_BIT_CONVERSION = YES;
				GCC_WARN_ABOUT_RETURN_TYPE = YES_ERROR;
				GCC_WARN_UNDECLARED_SELECTOR = YES;
				GCC_WARN_UNINITIALIZED_AUTOS = YES_AGGRESSIVE;
				GCC_WARN_UNUSED_FUNCTION = YES;
				GCC_WARN_UNUSED_VARIABLE = YES;
				HEADER_SEARCH_PATHS = (
					"$(inherited)",
					/Applications/Xcode.app/Contents/Developer/Toolchains/XcodeDefault.xctoolchain/usr/include,
					"$(SRCROOT)/../node_modules/react-native/React/**",
					"$(SRCROOT)/../node_modules/realm/src/**",
					"$(SRCROOT)/../node_modules/react-native-code-push/ios/CodePush/**",
					"$(SRCROOT)/../node_modules/react-native-vector-icons/RNVectorIconsManager",
					"$(SRCROOT)/../node_modules/react-native-youtube/**",
					"$(SRCROOT)/../node_modules/react-native-video",
				);
				IPHONEOS_DEPLOYMENT_TARGET = 7.0;
				MTL_ENABLE_DEBUG_INFO = YES;
				ONLY_ACTIVE_ARCH = YES;
				SDKROOT = iphoneos;
			};
			name = Debug;
		};
		83CBBA211A601CBA00E9B192 /* Release */ = {
			isa = XCBuildConfiguration;
			buildSettings = {
				ALWAYS_SEARCH_USER_PATHS = NO;
				CLANG_CXX_LANGUAGE_STANDARD = "gnu++0x";
				CLANG_CXX_LIBRARY = "libc++";
				CLANG_ENABLE_MODULES = YES;
				CLANG_ENABLE_OBJC_ARC = YES;
				CLANG_WARN_BOOL_CONVERSION = YES;
				CLANG_WARN_CONSTANT_CONVERSION = YES;
				CLANG_WARN_DIRECT_OBJC_ISA_USAGE = YES_ERROR;
				CLANG_WARN_EMPTY_BODY = YES;
				CLANG_WARN_ENUM_CONVERSION = YES;
				CLANG_WARN_INT_CONVERSION = YES;
				CLANG_WARN_OBJC_ROOT_CLASS = YES_ERROR;
				CLANG_WARN_UNREACHABLE_CODE = YES;
				CLANG_WARN__DUPLICATE_METHOD_MATCH = YES;
				"CODE_SIGN_IDENTITY[sdk=iphoneos*]" = "iPhone Developer";
				COPY_PHASE_STRIP = YES;
				ENABLE_NS_ASSERTIONS = NO;
				ENABLE_STRICT_OBJC_MSGSEND = YES;
				GCC_C_LANGUAGE_STANDARD = gnu99;
				GCC_WARN_64_TO_32_BIT_CONVERSION = YES;
				GCC_WARN_ABOUT_RETURN_TYPE = YES_ERROR;
				GCC_WARN_UNDECLARED_SELECTOR = YES;
				GCC_WARN_UNINITIALIZED_AUTOS = YES_AGGRESSIVE;
				GCC_WARN_UNUSED_FUNCTION = YES;
				GCC_WARN_UNUSED_VARIABLE = YES;
				HEADER_SEARCH_PATHS = (
					"$(inherited)",
					/Applications/Xcode.app/Contents/Developer/Toolchains/XcodeDefault.xctoolchain/usr/include,
					"$(SRCROOT)/../node_modules/react-native/React/**",
					"$(SRCROOT)/../node_modules/realm/src/**",
					"$(SRCROOT)/../node_modules/react-native-code-push/ios/CodePush/**",
					"$(SRCROOT)/../node_modules/react-native-vector-icons/RNVectorIconsManager",
					"$(SRCROOT)/../node_modules/react-native-youtube/**",
					"$(SRCROOT)/../node_modules/react-native-video",
				);
				IPHONEOS_DEPLOYMENT_TARGET = 7.0;
				MTL_ENABLE_DEBUG_INFO = NO;
				SDKROOT = iphoneos;
				VALIDATE_PRODUCT = YES;
			};
			name = Release;
		};
/* End XCBuildConfiguration section */

/* Begin XCConfigurationList section */
		00E357021AD99517003FC87E /* Build configuration list for PBXNativeTarget "NextMatchTests" */ = {
			isa = XCConfigurationList;
			buildConfigurations = (
				00E356F61AD99517003FC87E /* Debug */,
				00E356F71AD99517003FC87E /* Release */,
			);
			defaultConfigurationIsVisible = 0;
			defaultConfigurationName = Release;
		};
		13B07F931A680F5B00A75B9A /* Build configuration list for PBXNativeTarget "NextMatch" */ = {
			isa = XCConfigurationList;
			buildConfigurations = (
				13B07F941A680F5B00A75B9A /* Debug */,
				13B07F951A680F5B00A75B9A /* Release */,
			);
			defaultConfigurationIsVisible = 0;
			defaultConfigurationName = Release;
		};
		83CBB9FA1A601CBA00E9B192 /* Build configuration list for PBXProject "NextMatch" */ = {
			isa = XCConfigurationList;
			buildConfigurations = (
				83CBBA201A601CBA00E9B192 /* Debug */,
				83CBBA211A601CBA00E9B192 /* Release */,
			);
			defaultConfigurationIsVisible = 0;
			defaultConfigurationName = Release;
		};
/* End XCConfigurationList section */
	};
	rootObject = 83CBB9F71A601CBA00E9B192 /* Project object */;
}
